
Microsoft Visual Studio Solution File, Format Version 12.00
# Visual Studio 15
VisualStudioVersion = 15.0.28307.757
MinimumVisualStudioVersion = 10.0.40219.1
Project("{FAE04EC0-301F-11D3-BF4B-00C04F79EFBC}") = "HRIS-TPAC", "HRIS-TPAC\HRIS-TPAC.csproj", "{7EFC26F5-584A-4B73-A3CB-29530DE55A32}"
EndProject
Global
	GlobalSection(SolutionConfigurationPlatforms) = preSolution
		Debug|Any CPU = Debug|Any CPU
		Release|Any CPU = Release|Any CPU
	EndGlobalSection
	GlobalSection(ProjectConfigurationPlatforms) = postSolution
		{7EFC26F5-584A-4B73-A3CB-29530DE55A32}.Debug|Any CPU.ActiveCfg = Debug|Any CPU
		{7EFC26F5-584A-4B73-A3CB-29530DE55A32}.Debug|Any CPU.Build.0 = Debug|Any CPU
		{7EFC26F5-584A-4B73-A3CB-29530DE55A32}.Release|Any CPU.ActiveCfg = Release|Any CPU
		{7EFC26F5-584A-4B73-A3CB-29530DE55A32}.Release|Any CPU.Build.0 = Release|Any CPU
	EndGlobalSection
	GlobalSection(SolutionProperties) = preSolution
		HideSolutionNode = FALSE
	EndGlobalSection
	GlobalSection(ExtensibilityGlobals) = postSolution
		SolutionGuid = {2C3C78EC-7F22-4C77-8DDC-C4E27CFE1920}
	EndGlobalSection
EndGlobal
